
Microsoft Visual Studio Solution File, Format Version 12.00
Project("{FAE04EC0-301F-11D3-BF4B-00C04F79EFBC}") = "XMLViewer", "XMLViewer\XMLViewer.csproj", "{978F2A51-4934-4B14-9833-7BD75EC537AE}"
EndProject
Global
	GlobalSection(SolutionConfigurationPlatforms) = preSolution
		Debug|Any CPU = Debug|Any CPU
		Release|Any CPU = Release|Any CPU
	EndGlobalSection
	GlobalSection(ProjectConfigurationPlatforms) = postSolution
		{978F2A51-4934-4B14-9833-7BD75EC537AE}.Debug|Any CPU.ActiveCfg = Debug|Any CPU
		{978F2A51-4934-4B14-9833-7BD75EC537AE}.Debug|Any CPU.Build.0 = Debug|Any CPU
		{978F2A51-4934-4B14-9833-7BD75EC537AE}.Release|Any CPU.ActiveCfg = Release|Any CPU
		{978F2A51-4934-4B14-9833-7BD75EC537AE}.Release|Any CPU.Build.0 = Release|Any CPU
	EndGlobalSection
EndGlobal
